Microsoft Visual Studio Solution File, Format Version 11.00
# Visual Studio 2010
Project("{2150E333-8FDC-42A3-9474-1A3956D46DE8}") = "Solution Items", "Solution Items", "{9B8EE1E9-59A0-4824-8F15-B99C46FEC252}"
	ProjectSection(SolutionItems) = preProject
		p4api.net.vsmdi = p4api.net.vsmdi
		TestSettings.testsettings = TestSettings.testsettings
	EndProjectSection
EndProject
Project("{8BC9CEB8-8B4A-11D0-8D11-00A0C91BC942}") = "p4bridge", "p4bridge\p4bridge.vcxproj", "{3C4F5F69-5D0A-4266-8500-AB63BC660985}"
EndProject
Project("{8BC9CEB8-8B4A-11D0-8D11-00A0C91BC942}") = "p4bridge-unit-test", "p4bridge-unit-test\p4bridge-unit-test.vcxproj", "{1E452712-F765-469F-8AF4-9A62DF9D588C}"
EndProject
Global
	GlobalSection(TestCaseManagementSettings) = postSolution
		CategoryFile = p4api.net.vsmdi
	EndGlobalSection
	GlobalSection(SolutionConfigurationPlatforms) = preSolution
		Debug|Any CPU = Debug|Any CPU
		Debug|Mixed Platforms = Debug|Mixed Platforms
		Debug|Win32 = Debug|Win32
		Debug|x64 = Debug|x64
		Debug|x86 = Debug|x86
		LocalRelease|Any CPU = LocalRelease|Any CPU
		LocalRelease|Mixed Platforms = LocalRelease|Mixed Platforms
		LocalRelease|Win32 = LocalRelease|Win32
		LocalRelease|x64 = LocalRelease|x64
		LocalRelease|x86 = LocalRelease|x86
		Release|Any CPU = Release|Any CPU
		Release|Mixed Platforms = Release|Mixed Platforms
		Release|Win32 = Release|Win32
		Release|x64 = Release|x64
		Release|x86 = Release|x86
	EndGlobalSection
	GlobalSection(ProjectConfigurationPlatforms) = postSolution
		{3C4F5F69-5D0A-4266-8500-AB63BC660985}.Debug|Any CPU.ActiveCfg = Debug|Win32
		{3C4F5F69-5D0A-4266-8500-AB63BC660985}.Debug|Any CPU.Build.0 = Debug|Win32
		{3C4F5F69-5D0A-4266-8500-AB63BC660985}.Debug|Mixed Platforms.ActiveCfg = Debug|Win32
		{3C4F5F69-5D0A-4266-8500-AB63BC660985}.Debug|Mixed Platforms.Build.0 = Debug|Win32
		{3C4F5F69-5D0A-4266-8500-AB63BC660985}.Debug|Win32.ActiveCfg = Debug|Win32
		{3C4F5F69-5D0A-4266-8500-AB63BC660985}.Debug|Win32.Build.0 = Debug|Win32
		{3C4F5F69-5D0A-4266-8500-AB63BC660985}.Debug|x64.ActiveCfg = Debug|x64
		{3C4F5F69-5D0A-4266-8500-AB63BC660985}.Debug|x64.Build.0 = Debug|x64
		{3C4F5F69-5D0A-4266-8500-AB63BC660985}.Debug|x86.ActiveCfg = Debug|Win32
		{3C4F5F69-5D0A-4266-8500-AB63BC660985}.Debug|x86.Build.0 = Debug|Win32
		{3C4F5F69-5D0A-4266-8500-AB63BC660985}.LocalRelease|Any CPU.ActiveCfg = Release|x64
		{3C4F5F69-5D0A-4266-8500-AB63BC660985}.LocalRelease|Mixed Platforms.ActiveCfg = LocalRelease|Win32
		{3C4F5F69-5D0A-4266-8500-AB63BC660985}.LocalRelease|Mixed Platforms.Build.0 = LocalRelease|Win32
		{3C4F5F69-5D0A-4266-8500-AB63BC660985}.LocalRelease|Win32.ActiveCfg = LocalRelease|Win32
		{3C4F5F69-5D0A-4266-8500-AB63BC660985}.LocalRelease|Win32.Build.0 = Release|Win32
		{3C4F5F69-5D0A-4266-8500-AB63BC660985}.LocalRelease|x64.ActiveCfg = LocalRelease|x64
		{3C4F5F69-5D0A-4266-8500-AB63BC660985}.LocalRelease|x64.Build.0 = Release|x64
		{3C4F5F69-5D0A-4266-8500-AB63BC660985}.LocalRelease|x86.ActiveCfg = LocalRelease|Win32
		{3C4F5F69-5D0A-4266-8500-AB63BC660985}.LocalRelease|x86.Build.0 = LocalRelease|Win32
		{3C4F5F69-5D0A-4266-8500-AB63BC660985}.Release|Any CPU.ActiveCfg = Release|Win32
		{3C4F5F69-5D0A-4266-8500-AB63BC660985}.Release|Any CPU.Build.0 = Release|Win32
		{3C4F5F69-5D0A-4266-8500-AB63BC660985}.Release|Mixed Platforms.ActiveCfg = Release|Win32
		{3C4F5F69-5D0A-4266-8500-AB63BC660985}.Release|Mixed Platforms.Build.0 = Release|Win32
		{3C4F5F69-5D0A-4266-8500-AB63BC660985}.Release|Win32.ActiveCfg = Release|Win32
		{3C4F5F69-5D0A-4266-8500-AB63BC660985}.Release|Win32.Build.0 = Release|Win32
		{3C4F5F69-5D0A-4266-8500-AB63BC660985}.Release|x64.ActiveCfg = Release|x64
		{3C4F5F69-5D0A-4266-8500-AB63BC660985}.Release|x64.Build.0 = Release|x64
		{3C4F5F69-5D0A-4266-8500-AB63BC660985}.Release|x86.ActiveCfg = Release|Win32
		{3C4F5F69-5D0A-4266-8500-AB63BC660985}.Release|x86.Build.0 = Release|Win32
		{1E452712-F765-469F-8AF4-9A62DF9D588C}.Debug|Any CPU.ActiveCfg = Debug|Win32
		{1E452712-F765-469F-8AF4-9A62DF9D588C}.Debug|Any CPU.Build.0 = Debug|Win32
		{1E452712-F765-469F-8AF4-9A62DF9D588C}.Debug|Mixed Platforms.ActiveCfg = Debug|Win32
		{1E452712-F765-469F-8AF4-9A62DF9D588C}.Debug|Mixed Platforms.Build.0 = Debug|Win32
		{1E452712-F765-469F-8AF4-9A62DF9D588C}.Debug|Win32.ActiveCfg = Debug|Win32
		{1E452712-F765-469F-8AF4-9A62DF9D588C}.Debug|Win32.Build.0 = Debug|Win32
		{1E452712-F765-469F-8AF4-9A62DF9D588C}.Debug|x64.ActiveCfg = Debug|x64
		{1E452712-F765-469F-8AF4-9A62DF9D588C}.Debug|x64.Build.0 = Debug|x64
		{1E452712-F765-469F-8AF4-9A62DF9D588C}.Debug|x86.ActiveCfg = Debug|Win32
		{1E452712-F765-469F-8AF4-9A62DF9D588C}.Debug|x86.Build.0 = Debug|Win32
		{1E452712-F765-469F-8AF4-9A62DF9D588C}.LocalRelease|Any CPU.ActiveCfg = Release|x64
		{1E452712-F765-469F-8AF4-9A62DF9D588C}.LocalRelease|Mixed Platforms.ActiveCfg = Release|Win32
		{1E452712-F765-469F-8AF4-9A62DF9D588C}.LocalRelease|Win32.ActiveCfg = Release|Win32
		{1E452712-F765-469F-8AF4-9A62DF9D588C}.LocalRelease|Win32.Build.0 = Release|Win32
		{1E452712-F765-469F-8AF4-9A62DF9D588C}.LocalRelease|x64.ActiveCfg = Release|x64
		{1E452712-F765-469F-8AF4-9A62DF9D588C}.LocalRelease|x64.Build.0 = Release|x64
		{1E452712-F765-469F-8AF4-9A62DF9D588C}.LocalRelease|x86.ActiveCfg = Release|Win32
		{1E452712-F765-469F-8AF4-9A62DF9D588C}.Release|Any CPU.ActiveCfg = Release|Win32
		{1E452712-F765-469F-8AF4-9A62DF9D588C}.Release|Mixed Platforms.ActiveCfg = Release|Win32
		{1E452712-F765-469F-8AF4-9A62DF9D588C}.Release|Win32.ActiveCfg = Release|Win32
		{1E452712-F765-469F-8AF4-9A62DF9D588C}.Release|x64.ActiveCfg = Release|x64
		{1E452712-F765-469F-8AF4-9A62DF9D588C}.Release|x86.ActiveCfg = Release|Win32
	EndGlobalSection
	GlobalSection(SolutionProperties) = preSolution
		HideSolutionNode = FALSE
	EndGlobalSection
EndGlobal
