
Microsoft Visual Studio Solution File, Format Version 12.00
# Visual Studio Version 16
VisualStudioVersion = 16.6.30114.105
MinimumVisualStudioVersion = 10.0.40219.1
Project("{9A19103F-16F7-4668-BE54-9A1E7A4F7556}") = "p4api.net", "p4api.net\p4api.net.csproj", "{1305ABF0-EEA0-464F-99D5-7FD5BE5E4956}"
EndProject
Project("{9A19103F-16F7-4668-BE54-9A1E7A4F7556}") = "p4api.net-unit-test", "p4api.net-unit-test\p4api.net-unit-test.csproj", "{7C2AF8B1-CE1E-49C3-AC4F-8074899287DD}"
EndProject
Project("{2150E333-8FDC-42A3-9474-1A3956D46DE8}") = "Solution Items", "Solution Items", "{CC3AF990-C7CF-43A1-B8CE-D3B9791805B6}"
	ProjectSection(SolutionItems) = preProject
		p4bridge-unit-test\BridgeUnitTest.md = p4bridge-unit-test\BridgeUnitTest.md
		BUILD.md = BUILD.md
		CODE_OF_CONDUCT.md = CODE_OF_CONDUCT.md
		p4api.net\nugetReadme.md = p4api.net\nugetReadme.md
		p4bridge\P4Bridge.md = p4bridge\P4Bridge.md
		README.md = README.md
		p4api.net-unit-test\UNITTEST.md = p4api.net-unit-test\UNITTEST.md
	EndProjectSection
EndProject
Global
	GlobalSection(SolutionConfigurationPlatforms) = preSolution
		Debug|Any CPU = Debug|Any CPU
		Debug|x64 = Debug|x64
		Debug|x86 = Debug|x86
		Release|Any CPU = Release|Any CPU
		Release|x64 = Release|x64
		Release|x86 = Release|x86
	EndGlobalSection
	GlobalSection(ProjectConfigurationPlatforms) = postSolution
		{1305ABF0-EEA0-464F-99D5-7FD5BE5E4956}.Debug|Any CPU.ActiveCfg = Debug|Any CPU
		{1305ABF0-EEA0-464F-99D5-7FD5BE5E4956}.Debug|Any CPU.Build.0 = Debug|Any CPU
		{1305ABF0-EEA0-464F-99D5-7FD5BE5E4956}.Debug|x64.ActiveCfg = Debug|Any CPU
		{1305ABF0-EEA0-464F-99D5-7FD5BE5E4956}.Debug|x64.Build.0 = Debug|Any CPU
		{1305ABF0-EEA0-464F-99D5-7FD5BE5E4956}.Debug|x86.ActiveCfg = Debug|Any CPU
		{1305ABF0-EEA0-464F-99D5-7FD5BE5E4956}.Debug|x86.Build.0 = Debug|Any CPU
		{1305ABF0-EEA0-464F-99D5-7FD5BE5E4956}.Release|Any CPU.ActiveCfg = Release|Any CPU
		{1305ABF0-EEA0-464F-99D5-7FD5BE5E4956}.Release|Any CPU.Build.0 = Release|Any CPU
		{1305ABF0-EEA0-464F-99D5-7FD5BE5E4956}.Release|x64.ActiveCfg = Release|Any CPU
		{1305ABF0-EEA0-464F-99D5-7FD5BE5E4956}.Release|x64.Build.0 = Release|Any CPU
		{1305ABF0-EEA0-464F-99D5-7FD5BE5E4956}.Release|x86.ActiveCfg = Release|Any CPU
		{1305ABF0-EEA0-464F-99D5-7FD5BE5E4956}.Release|x86.Build.0 = Release|Any CPU
		{7C2AF8B1-CE1E-49C3-AC4F-8074899287DD}.Debug|Any CPU.ActiveCfg = Debug|Any CPU
		{7C2AF8B1-CE1E-49C3-AC4F-8074899287DD}.Debug|Any CPU.Build.0 = Debug|Any CPU
		{7C2AF8B1-CE1E-49C3-AC4F-8074899287DD}.Debug|x64.ActiveCfg = Debug|Any CPU
		{7C2AF8B1-CE1E-49C3-AC4F-8074899287DD}.Debug|x64.Build.0 = Debug|Any CPU
		{7C2AF8B1-CE1E-49C3-AC4F-8074899287DD}.Debug|x86.ActiveCfg = Debug|Any CPU
		{7C2AF8B1-CE1E-49C3-AC4F-8074899287DD}.Debug|x86.Build.0 = Debug|Any CPU
		{7C2AF8B1-CE1E-49C3-AC4F-8074899287DD}.Release|Any CPU.ActiveCfg = Release|Any CPU
		{7C2AF8B1-CE1E-49C3-AC4F-8074899287DD}.Release|Any CPU.Build.0 = Release|Any CPU
		{7C2AF8B1-CE1E-49C3-AC4F-8074899287DD}.Release|x64.ActiveCfg = Release|Any CPU
		{7C2AF8B1-CE1E-49C3-AC4F-8074899287DD}.Release|x64.Build.0 = Release|Any CPU
		{7C2AF8B1-CE1E-49C3-AC4F-8074899287DD}.Release|x86.ActiveCfg = Release|Any CPU
		{7C2AF8B1-CE1E-49C3-AC4F-8074899287DD}.Release|x86.Build.0 = Release|Any CPU
	EndGlobalSection
	GlobalSection(SolutionProperties) = preSolution
		HideSolutionNode = FALSE
	EndGlobalSection
	GlobalSection(ExtensibilityGlobals) = postSolution
		SolutionGuid = {5AAE0049-5DD4-4576-A237-4152C2AF61A2}
	EndGlobalSection
EndGlobal
